
Microsoft Visual Studio Solution File, Format Version 12.00
# Visual Studio Version 17
VisualStudioVersion = 17.9.34728.123
MinimumVisualStudioVersion = 10.0.40219.1
Project("{9A19103F-16F7-4668-BE54-9A1E7A4F7556}") = "SE172788.ProductManagement.API", "SE172788.ProductManagement.API\SE172788.ProductManagement.API.csproj", "{9DC138D4-C78B-422C-99AD-B798D166E944}"
EndProject
Project("{9A19103F-16F7-4668-BE54-9A1E7A4F7556}") = "SE172788.ProductManagement.Repo", "SE172788.ProductManagement.Repo\SE172788.ProductManagement.Repo.csproj", "{7347B03B-657B-45E1-BD0F-85456D759045}"
EndProject
Global
	GlobalSection(SolutionConfigurationPlatforms) = preSolution
		Debug|Any CPU = Debug|Any CPU
		Release|Any CPU = Release|Any CPU
	EndGlobalSection
	GlobalSection(ProjectConfigurationPlatforms) = postSolution
		{9DC138D4-C78B-422C-99AD-B798D166E944}.Debug|Any CPU.ActiveCfg = Debug|Any CPU
		{9DC138D4-C78B-422C-99AD-B798D166E944}.Debug|Any CPU.Build.0 = Debug|Any CPU
		{9DC138D4-C78B-422C-99AD-B798D166E944}.Release|Any CPU.ActiveCfg = Release|Any CPU
		{9DC138D4-C78B-422C-99AD-B798D166E944}.Release|Any CPU.Build.0 = Release|Any CPU
		{7347B03B-657B-45E1-BD0F-85456D759045}.Debug|Any CPU.ActiveCfg = Debug|Any CPU
		{7347B03B-657B-45E1-BD0F-85456D759045}.Debug|Any CPU.Build.0 = Debug|Any CPU
		{7347B03B-657B-45E1-BD0F-85456D759045}.Release|Any CPU.ActiveCfg = Release|Any CPU
		{7347B03B-657B-45E1-BD0F-85456D759045}.Release|Any CPU.Build.0 = Release|Any CPU
	EndGlobalSection
	GlobalSection(SolutionProperties) = preSolution
		HideSolutionNode = FALSE
	EndGlobalSection
	GlobalSection(ExtensibilityGlobals) = postSolution
		SolutionGuid = {3820F0FF-A549-4F20-8075-F298ABA2AA44}
	EndGlobalSection
EndGlobal
